schema: '2.0'
stages:
  data_visualization:
    cmd: python src/data_visualization.py
    deps:
    - path: data/raw/datos_creditos.csv
      hash: md5
      md5: 3b26edd22e8827f890d7cd32efe475b7
      size: 663047
    - path: data/raw/datos_tarjetas.csv
      hash: md5
      md5: 9e197c893925601cd447c81256e8cf07
      size: 845190
    - path: src/data_visualization.py
      hash: md5
      md5: 3e1cd6cef2e562eb3d84af0340322416
      size: 3429
    outs:
    - path: docs/figures/correlation_heatmap_creditos.png
      hash: md5
      md5: c261236f9486b6c3017ade2cf97cd0e3
      size: 77088
    - path: docs/figures/correlation_heatmap_tarjetas.png
      hash: md5
      md5: a58da1be7b3a1ed4b2d928ca90923e65
      size: 52584
    - path: docs/figures/edad_vs_importe.png
      hash: md5
      md5: 6fb3acf88ff5b10662ebf115b7b7c169
      size: 64416
    - path: docs/figures/ingresos_por_objetivo.png
      hash: md5
      md5: a2ddeb7cf9faf9a62e3c989be1578e42
      size: 38128
    - path: docs/figures/target_distribution.png
      hash: md5
      md5: 86bbb22f46fc7bee5a70fb389e863120
      size: 21470
  test_pandera:
    cmd: pytest --html=docs/report_basico.html --self-contained-html test/test_data_quality.py
      -v || cd .
    deps:
    - path: data/raw/datos_creditos.csv
      hash: md5
      md5: 3b26edd22e8827f890d7cd32efe475b7
      size: 663047
    - path: data/raw/datos_tarjetas.csv
      hash: md5
      md5: 9e197c893925601cd447c81256e8cf07
      size: 845190
    - path: test/test_data_quality.py
      hash: md5
      md5: 305c4fceb96be4ef4e6dd4372934f415
      size: 6709
    outs:
    - path: docs/report_basico.html
      hash: md5
      md5: b6b9460b77bff7ea9d60f3220fbe0e03
      size: 46676
  test_ge:
    cmd: pytest --html=docs/report_ge.html --self-contained-html test/test_data_quality_ge.py
      -v || cd .
    deps:
    - path: data/raw/datos_creditos.csv
      hash: md5
      md5: 3b26edd22e8827f890d7cd32efe475b7
      size: 663047
    - path: data/raw/datos_tarjetas.csv
      hash: md5
      md5: 9e197c893925601cd447c81256e8cf07
      size: 845190
    - path: test/test_data_quality_ge.py
      hash: md5
      md5: 9c6a37f7da1e4a6c2aaacfdc6bf0f9a0
      size: 5301
    outs:
    - path: docs/report_ge.html
      hash: md5
      md5: 78259cdcbb9a57f13a7aed58a2da0dec
      size: 41189
  data_processing:
    cmd: python src/data_prep.py
    deps:
    - path: data/raw/datos_creditos.csv
      hash: md5
      md5: 3b26edd22e8827f890d7cd32efe475b7
      size: 663047
    - path: data/raw/datos_tarjetas.csv
      hash: md5
      md5: 9e197c893925601cd447c81256e8cf07
      size: 845190
    - path: src/data_prep.py
      hash: md5
      md5: fcc4f029dff584d76791b739ef532913
      size: 4575
    outs:
    - path: data/processed/datos_integrados.csv
      hash: md5
      md5: 03f4fe9ca8d8bbb3c4c84bc70cf68b9e
      size: 2054657
  train_model:
    cmd: python src/train_model.py
    deps:
    - path: data/processed/datos_integrados.csv
      hash: md5
      md5: 03f4fe9ca8d8bbb3c4c84bc70cf68b9e
      size: 2054657
    - path: src/train_model.py
      hash: md5
      md5: 0728bd56eba9f58e2f33539f45513ed0
      size: 7858
    outs:
    - path: docs/figures/confusion_matrix.png
      hash: md5
      md5: 7ba840a9ddc0c665cbfc435ec43263a3
      size: 16620
    - path: metrics/train_metrics.json
      hash: md5
      md5: a76ad5c39fb46d399690c6284511cc2a
      size: 194
    - path: models/prod_model.pkl
      hash: md5
      md5: a8b38f8ea0d2160ed0c45a8f66c613bc
      size: 27350
    - path: models/prod_preprocessor.pkl
      hash: md5
      md5: ca0219216901803edd03037edfff68d9
      size: 6201
  test_model:
    cmd: pytest --html=docs/report_model.html --self-contained-html test/test_train.py
      -v || cd .
    deps:
    - path: data/processed/datos_integrados.csv
      hash: md5
      md5: 03f4fe9ca8d8bbb3c4c84bc70cf68b9e
      size: 2054657
    - path: test/test_train.py
      hash: md5
      md5: 1ecf7b03667cc1d32634d9f61b3a7d62
      size: 1727
    outs:
    - path: docs/report_model.html
      hash: md5
      md5: e60f2b890a80c356794dabe143003998
      size: 33283
